
Microsoft Visual Studio Solution File, Format Version 12.00
# Visual Studio Version 17
VisualStudioVersion = 17.12.35728.132
MinimumVisualStudioVersion = 10.0.40219.1
Project("{FAE04EC0-301F-11D3-BF4B-00C04F79EFBC}") = "FlowSynx.Plugins.OpenAi.ChatGpt", "src\FlowSynx.Plugins.OpenAi.ChatGpt.csproj", "{EFD79334-584B-4937-B11C-CD336ADBBA8E}"
EndProject
Project("{2150E333-8FDC-42A3-9474-1A3956D46DE8}") = "src", "src", "{CCF0DCCC-0D96-40D6-B99C-41AEBD95B669}"
EndProject
Global
	GlobalSection(SolutionConfigurationPlatforms) = preSolution
		Debug|Any CPU = Debug|Any CPU
		Release|Any CPU = Release|Any CPU
	EndGlobalSection
	GlobalSection(ProjectConfigurationPlatforms) = postSolution
		{EFD79334-584B-4937-B11C-CD336ADBBA8E}.Debug|Any CPU.ActiveCfg = Debug|Any CPU
		{EFD79334-584B-4937-B11C-CD336ADBBA8E}.Debug|Any CPU.Build.0 = Debug|Any CPU
		{EFD79334-584B-4937-B11C-CD336ADBBA8E}.Release|Any CPU.ActiveCfg = Release|Any CPU
		{EFD79334-584B-4937-B11C-CD336ADBBA8E}.Release|Any CPU.Build.0 = Release|Any CPU
	EndGlobalSection
	GlobalSection(SolutionProperties) = preSolution
		HideSolutionNode = FALSE
	EndGlobalSection
EndGlobal
